// !$*UTF8*$!
{
	archiveVersion = 1;
	classes = {
	};
	objectVersion = 46;
	objects = {

/* Begin PBXBuildFile section */
		041D9E231A3D161600C10406 /* main.m in Sources */ = {isa = PBXBuildFile; fileRef = 041D9E221A3D161600C10406 /* main.m */; };
		041D9E261A3D161600C10406 /* AppDelegate.m in Sources */ = {isa = PBXBuildFile; fileRef = 041D9E251A3D161600C10406 /* AppDelegate.m */; };
		041D9E291A3D161600C10406 /* ViewController.m in Sources */ = {isa = PBXBuildFile; fileRef = 041D9E281A3D161600C10406 /* ViewController.m */; };
		041D9E2C1A3D161600C10406 /* Main.storyboard in Resources */ = {isa = PBXBuildFile; fileRef = 041D9E2A1A3D161600C10406 /* Main.storyboard */; };
		041D9E2E1A3D161600C10406 /* Images.xcassets in Resources */ = {isa = PBXBuildFile; fileRef = 041D9E2D1A3D161600C10406 /* Images.xcassets */; };
		041D9E311A3D161600C10406 /* LaunchScreen.xib in Resources */ = {isa = PBXBuildFile; fileRef = 041D9E2F1A3D161600C10406 /* LaunchScreen.xib */; };
		041D9E3D1A3D161600C10406 /* gitTestTests.m in Sources */ = {isa = PBXBuildFile; fileRef = 041D9E3C1A3D161600C10406 /* gitTestTests.m */; };
/* End PBXBuildFile section */

/* Begin PBXContainerItemProxy section */
		041D9E371A3D161600C10406 /* PBXContainerItemProxy */ = {
			isa = PBXContainerItemProxy;
			containerPortal = 041D9E151A3D161600C10406 /* Project object */;
			proxyType = 1;
			remoteGlobalIDString = 041D9E1C1A3D161600C10406;
			remoteInfo = gitTest;
		};
/* End PBXContainerItemProxy section */

/* Begin PBXFileReference section */
		041D9E1D1A3D161600C10406 /* gitTest.app */ = {isa = PBXFileReference; explicitFileType = wrapper.application; includeInIndex = 0; path = gitTest.app; sourceTree = BUILT_PRODUCTS_DIR; };
		041D9E211A3D161600C10406 /* Info.plist */ = {isa = PBXFileReference; lastKnownFileType = text.plist.xml; path = Info.plist; sourceTree = "<group>"; };
		041D9E221A3D161600C10406 /* main.m */ = {isa = PBXFileReference; lastKnownFileType = sourcecode.c.objc; path = main.m; sourceTree = "<group>"; };
		041D9E241A3D161600C10406 /* AppDelegate.h */ = {isa = PBXFileReference; lastKnownFileType = sourcecode.c.h; path = AppDelegate.h; sourceTree = "<group>"; };
		041D9E251A3D161600C10406 /* AppDelegate.m */ = {isa = PBXFileReference; lastKnownFileType = sourcecode.c.objc; path = AppDelegate.m; sourceTree = "<group>"; };
		041D9E271A3D161600C10406 /* ViewController.h */ = {isa = PBXFileReference; lastKnownFileType = sourcecode.c.h; path = ViewController.h; sourceTree = "<group>"; };
		041D9E281A3D161600C10406 /* ViewController.m */ = {isa = PBXFileReference; lastKnownFileType = sourcecode.c.objc; path = ViewController.m; sourceTree = "<group>"; };
		041D9E2B1A3D161600C10406 /* Base */ = {isa = PBXFileReference; lastKnownFileType = file.storyboard; name = Base; path = Base.lproj/Main.storyboard; sourceTree = "<group>"; };
		041D9E2D1A3D161600C10406 /* Images.xcassets */ = {isa = PBXFileReference; lastKnownFileType = folder.assetcatalog; path = Images.xcassets; sourceTree = "<group>"; };
		041D9E301A3D161600C10406 /* Base */ = {isa = PBXFileReference; lastKnownFileType = file.xib; name = Base; path = Base.lproj/LaunchScreen.xib; sourceTree = "<group>"; };
		041D9E361A3D161600C10406 /* gitTestTests.xctest */ = {isa = PBXFileReference; explicitFileType = wrapper.cfbundle; includeInIndex = 0; path = gitTestTests.xctest; sourceTree = BUILT_PRODUCTS_DIR; };
		041D9E3B1A3D161600C10406 /* Info.plist */ = {isa = PBXFileReference; lastKnownFileType = text.plist.xml; path = Info.plist; sourceTree = "<group>"; };
		041D9E3C1A3D161600C10406 /* gitTestTests.m */ = {isa = PBXFileReference; lastKnownFileType = sourcecode.c.objc; path = gitTestTests.m; sourceTree = "<group>"; };
/* End PBXFileReference section */

/* Begin PBXFrameworksBuildPhase section */
		041D9E1A1A3D161600C10406 /* Frameworks */ = {
			isa = PBXFrameworksBuildPhase;
			buildActionMask = 2147483647;
			files = (
			);
			runOnlyForDeploymentPostprocessing = 0;
		};
		041D9E331A3D161600C10406 /* Frameworks */ = {
			isa = PBXFrameworksBuildPhase;
			buildActionMask = 2147483647;
			files = (
			);
			runOnlyForDeploymentPostprocessing = 0;
		};
/* End PBXFrameworksBuildPhase section */

/* Begin PBXGroup section */
		041D9E141A3D161600C10406 = {
			isa = PBXGroup;
			children = (
				041D9E1F1A3D161600C10406 /* gitTest */,
				041D9E391A3D161600C10406 /* gitTestTests */,
				041D9E1E1A3D161600C10406 /* Products */,
			);
			sourceTree = "<group>";
		};
		041D9E1E1A3D161600C10406 /* Products */ = {
			isa = PBXGroup;
			children = (
				041D9E1D1A3D161600C10406 /* gitTest.app */,
				041D9E361A3D161600C10406 /* gitTestTests.xctest */,
			);
			name = Products;
			sourceTree = "<group>";
		};
		041D9E1F1A3D161600C10406 /* gitTest */ = {
			isa = PBXGroup;
			children = (
				041D9E241A3D161600C10406 /* AppDelegate.h */,
				041D9E251A3D161600C10406 /* AppDelegate.m */,
				041D9E271A3D161600C10406 /* ViewController.h */,
				041D9E281A3D161600C10406 /* ViewController.m */,
				041D9E2A1A3D161600C10406 /* Main.storyboard */,
				041D9E2D1A3D161600C10406 /* Images.xcassets */,
				041D9E2F1A3D161600C10406 /* LaunchScreen.xib */,
				041D9E201A3D161600C10406 /* Supporting Files */,
			);
			path = gitTest;
			sourceTree = "<group>";
		};
		041D9E201A3D161600C10406 /* Supporting Files */ = {
			isa = PBXGroup;
			children = (
				041D9E211A3D161600C10406 /* Info.plist */,
				041D9E221A3D161600C10406 /* main.m */,
			);
			name = "Supporting Files";
			sourceTree = "<group>";
		};
		041D9E391A3D161600C10406 /* gitTestTests */ = {
			isa = PBXGroup;
			children = (
				041D9E3C1A3D161600C10406 /* gitTestTests.m */,
				041D9E3A1A3D161600C10406 /* Supporting Files */,
			);
			path = gitTestTests;
			sourceTree = "<group>";
		};
		041D9E3A1A3D161600C10406 /* Supporting Files */ = {
			isa = PBXGroup;
			children = (
				041D9E3B1A3D161600C10406 /* Info.plist */,
			);
			name = "Supporting Files";
			sourceTree = "<group>";
		};
/* End PBXGroup section */

/* Begin PBXNativeTarget section */
		041D9E1C1A3D161600C10406 /* gitTest */ = {
			isa = PBXNativeTarget;
			buildConfigurationList = 041D9E401A3D161600C10406 /* Build configuration list for PBXNativeTarget "gitTest" */;
			buildPhases = (
				041D9E191A3D161600C10406 /* Sources */,
				041D9E1A1A3D161600C10406 /* Frameworks */,
				041D9E1B1A3D161600C10406 /* Resources */,
			);
			buildRules = (
			);
			dependencies = (
			);
			name = gitTest;
			productName = gitTest;
			productReference = 041D9E1D1A3D161600C10406 /* gitTest.app */;
			productType = "com.apple.product-type.application";
		};
		041D9E351A3D161600C10406 /* gitTestTests */ = {
			isa = PBXNativeTarget;
			buildConfigurationList = 041D9E431A3D161600C10406 /* Build configuration list for PBXNativeTarget "gitTestTests" */;
			buildPhases = (
				041D9E321A3D161600C10406 /* Sources */,
				041D9E331A3D161600C10406 /* Frameworks */,
				041D9E341A3D161600C10406 /* Resources */,
			);
			buildRules = (
			);
			dependencies = (
				041D9E381A3D161600C10406 /* PBXTargetDependency */,
			);
			name = gitTestTests;
			productName = gitTestTests;
			productReference = 041D9E361A3D161600C10406 /* gitTestTests.xctest */;
			productType = "com.apple.product-type.bundle.unit-test";
		};
/* End PBXNativeTarget section */

/* Begin PBXProject section */
		041D9E151A3D161600C10406 /* Project object */ = {
			isa = PBXProject;
			attributes = {
				LastUpgradeCheck = 0610;
				ORGANIZATIONNAME = TheMac;
				TargetAttributes = {
					041D9E1C1A3D161600C10406 = {
						CreatedOnToolsVersion = 6.1;
					};
					041D9E351A3D161600C10406 = {
						CreatedOnToolsVersion = 6.1;
						TestTargetID = 041D9E1C1A3D161600C10406;
					};
				};
			};
			buildConfigurationList = 041D9E181A3D161600C10406 /* Build configuration list for PBXProject "gitTest" */;
			compatibilityVersion = "Xcode 3.2";
			developmentRegion = English;
			hasScannedForEncodings = 0;
			knownRegions = (
				en,
				Base,
			);
			mainGroup = 041D9E141A3D161600C10406;
			productRefGroup = 041D9E1E1A3D161600C10406 /* Products */;
			projectDirPath = "";
			projectRoot = "";
			targets = (
				041D9E1C1A3D161600C10406 /* gitTest */,
				041D9E351A3D161600C10406 /* gitTestTests */,
			);
		};
/* End PBXProject section */

/* Begin PBXResourcesBuildPhase section */
		041D9E1B1A3D161600C10406 /* Resources */ = {
			isa = PBXResourcesBuildPhase;
			buildActionMask = 2147483647;
			files = (
				041D9E2C1A3D161600C10406 /* Main.storyboard in Resources */,
				041D9E311A3D161600C10406 /* LaunchScreen.xib in Resources */,
				041D9E2E1A3D161600C10406 /* Images.xcassets in Resources */,
			);
			runOnlyForDeploymentPostprocessing = 0;
		};
		041D9E341A3D161600C10406 /* Resources */ = {
			isa = PBXResourcesBuildPhase;
			buildActionMask = 2147483647;
			files = (
			);
			runOnlyForDeploymentPostprocessing = 0;
		};
/* End PBXResourcesBuildPhase section */

/* Begin PBXSourcesBuildPhase section */
		041D9E191A3D161600C10406 /* Sources */ = {
			isa = PBXSourcesBuildPhase;
			buildActionMask = 2147483647;
			files = (
				041D9E291A3D161600C10406 /* ViewController.m in Sources */,
				041D9E261A3D161600C10406 /* AppDelegate.m in Sources */,
				041D9E231A3D161600C10406 /* main.m in Sources */,
			);
			runOnlyForDeploymentPostprocessing = 0;
		};
		041D9E321A3D161600C10406 /* Sources */ = {
			isa = PBXSourcesBuildPhase;
			buildActionMask = 2147483647;
			files = (
				041D9E3D1A3D161600C10406 /* gitTestTests.m in Sources */,
			);
			runOnlyForDeploymentPostprocessing = 0;
		};
/* End PBXSourcesBuildPhase section */

/* Begin PBXTargetDependency section */
		041D9E381A3D161600C10406 /* PBXTargetDependency */ = {
			isa = PBXTargetDependency;
			target = 041D9E1C1A3D161600C10406 /* gitTest */;
			targetProxy = 041D9E371A3D161600C10406 /* PBXContainerItemProxy */;
		};
/* End PBXTargetDependency section */

/* Begin PBXVariantGroup section */
		041D9E2A1A3D161600C10406 /* Main.storyboard */ = {
			isa = PBXVariantGroup;
			children = (
				041D9E2B1A3D161600C10406 /* Base */,
			);
			name = Main.storyboard;
			sourceTree = "<group>";
		};
		041D9E2F1A3D161600C10406 /* LaunchScreen.xib */ = {
			isa = PBXVariantGroup;
			children = (
				041D9E301A3D161600C10406 /* Base */,
			);
			name = LaunchScreen.xib;
			sourceTree = "<group>";
		};
/* End PBXVariantGroup section */

/* Begin XCBuildConfiguration section */
		041D9E3E1A3D161600C10406 /* Debug */ = {
			isa = XCBuildConfiguration;
			buildSettings = {
				ALWAYS_SEARCH_USER_PATHS = NO;
				CLANG_CXX_LANGUAGE_STANDARD = "gnu++0x";
				CLANG_CXX_LIBRARY = "libc++";
				CLANG_ENABLE_MODULES = YES;
				CLANG_ENABLE_OBJC_ARC = YES;
				CLANG_WARN_BOOL_CONVERSION = YES;
				CLANG_WARN_CONSTANT_CONVERSION = YES;
				CLANG_WARN_DIRECT_OBJC_ISA_USAGE = YES_ERROR;
				CLANG_WARN_EMPTY_BODY = YES;
				CLANG_WARN_ENUM_CONVERSION = YES;
				CLANG_WARN_INT_CONVERSION = YES;
				CLANG_WARN_OBJC_ROOT_CLASS = YES_ERROR;
				CLANG_WARN_UNREACHABLE_CODE = YES;
				CLANG_WARN__DUPLICATE_METHOD_MATCH = YES;
				"CODE_SIGN_IDENTITY[sdk=iphoneos*]" = "iPhone Developer";
				COPY_PHASE_STRIP = NO;
				ENABLE_STRICT_OBJC_MSGSEND = YES;
				GCC_C_LANGUAGE_STANDARD = gnu99;
				GCC_DYNAMIC_NO_PIC = NO;
				GCC_OPTIMIZATION_LEVEL = 0;
				GCC_PREPROCESSOR_DEFINITIONS = (
					"DEBUG=1",
					"$(inherited)",
				);
				GCC_SYMBOLS_PRIVATE_EXTERN = NO;
				GCC_WARN_64_TO_32_BIT_CONVERSION = YES;
				GCC_WARN_ABOUT_RETURN_TYPE = YES_ERROR;
				GCC_WARN_UNDECLARED_SELECTOR = YES;
				GCC_WARN_UNINITIALIZED_AUTOS = YES_AGGRESSIVE;
				GCC_WARN_UNUSED_FUNCTION = YES;
				GCC_WARN_UNUSED_VARIABLE = YES;
				IPHONEOS_DEPLOYMENT_TARGET = 8.1;
				MTL_ENABLE_DEBUG_INFO = YES;
				ONLY_ACTIVE_ARCH = YES;
				SDKROOT = iphoneos;
			};
			name = Debug;
		};
		041D9E3F1A3D161600C10406 /* Release */ = {
			isa = XCBuildConfiguration;
			buildSettings = {
				ALWAYS_SEARCH_USER_PATHS = NO;
				CLANG_CXX_LANGUAGE_STANDARD = "gnu++0x";
				CLANG_CXX_LIBRARY = "libc++";
				CLANG_ENABLE_MODULES = YES;
				CLANG_ENABLE_OBJC_ARC = YES;
				CLANG_WARN_BOOL_CONVERSION = YES;
				CLANG_WARN_CONSTANT_CONVERSION = YES;
				CLANG_WARN_DIRECT_OBJC_ISA_USAGE = YES_ERROR;
				CLANG_WARN_EMPTY_BODY = YES;
				CLANG_WARN_ENUM_CONVERSION = YES;
				CLANG_WARN_INT_CONVERSION = YES;
				CLANG_WARN_OBJC_ROOT_CLASS = YES_ERROR;
				CLANG_WARN_UNREACHABLE_CODE = YES;
				CLANG_WARN__DUPLICATE_METHOD_MATCH = YES;
				"CODE_SIGN_IDENTITY[sdk=iphoneos*]" = "iPhone Developer";
				COPY_PHASE_STRIP = YES;
				ENABLE_NS_ASSERTIONS = NO;
				ENABLE_STRICT_OBJC_MSGSEND = YES;
				GCC_C_LANGUAGE_STANDARD = gnu99;
				GCC_WARN_64_TO_32_BIT_CONVERSION = YES;
				GCC_WARN_ABOUT_RETURN_TYPE = YES_ERROR;
				GCC_WARN_UNDECLARED_SELECTOR = YES;
				GCC_WARN_UNINITIALIZED_AUTOS = YES_AGGRESSIVE;
				GCC_WARN_UNUSED_FUNCTION = YES;
				GCC_WARN_UNUSED_VARIABLE = YES;
				IPHONEOS_DEPLOYMENT_TARGET = 8.1;
				MTL_ENABLE_DEBUG_INFO = NO;
				SDKROOT = iphoneos;
				VALIDATE_PRODUCT = YES;
			};
			name = Release;
		};
		041D9E411A3D161600C10406 /* Debug */ = {
			isa = XCBuildConfiguration;
			buildSettings = {
				ASSETCATALOG_COMPILER_APPICON_NAME = AppIcon;
				INFOPLIST_FILE = gitTest/Info.plist;
				LD_RUNPATH_SEARCH_PATHS = "$(inherited) @executable_path/Frameworks";
				PRODUCT_NAME = "$(TARGET_NAME)";
			};
			name = Debug;
		};
		041D9E421A3D161600C10406 /* Release */ = {
			isa = XCBuildConfiguration;
			buildSettings = {
				ASSETCATALOG_COMPILER_APPICON_NAME = AppIcon;
				INFOPLIST_FILE = gitTest/Info.plist;
				LD_RUNPATH_SEARCH_PATHS = "$(inherited) @executable_path/Frameworks";
				PRODUCT_NAME = "$(TARGET_NAME)";
			};
			name = Release;
		};
		041D9E441A3D161600C10406 /* Debug */ = {
			isa = XCBuildConfiguration;
			buildSettings = {
				BUNDLE_LOADER = "$(TEST_HOST)";
				FRAMEWORK_SEARCH_PATHS = (
					"$(SDKROOT)/Developer/Library/Frameworks",
					"$(inherited)",
				);
				GCC_PREPROCESSOR_DEFINITIONS = (
					"DEBUG=1",
					"$(inherited)",
				);
				INFOPLIST_FILE = gitTestTests/Info.plist;
				LD_RUNPATH_SEARCH_PATHS = "$(inherited) @executable_path/Frameworks @loader_path/Frameworks";
				PRODUCT_NAME = "$(TARGET_NAME)";
				TEST_HOST = "$(BUILT_PRODUCTS_DIR)/gitTest.app/gitTest";
			};
			name = Debug;
		};
		041D9E451A3D161600C10406 /* Release */ = {
			isa = XCBuildConfiguration;
			buildSettings = {
				BUNDLE_LOADER = "$(TEST_HOST)";
				FRAMEWORK_SEARCH_PATHS = (
					"$(SDKROOT)/Developer/Library/Frameworks",
					"$(inherited)",
				);
				INFOPLIST_FILE = gitTestTests/Info.plist;
				LD_RUNPATH_SEARCH_PATHS = "$(inherited) @executable_path/Frameworks @loader_path/Frameworks";
				PRODUCT_NAME = "$(TARGET_NAME)";
				TEST_HOST = "$(BUILT_PRODUCTS_DIR)/gitTest.app/gitTest";
			};
			name = Release;
		};
/* End XCBuildConfiguration section */

/* Begin XCConfigurationList section */
		041D9E181A3D161600C10406 /* Build configuration list for PBXProject "gitTest" */ = {
			isa = XCConfigurationList;
			buildConfigurations = (
				041D9E3E1A3D161600C10406 /* Debug */,
				041D9E3F1A3D161600C10406 /* Release */,
			);
			defaultConfigurationIsVisible = 0;
			defaultConfigurationName = Release;
		};
		041D9E401A3D161600C10406 /* Build configuration list for PBXNativeTarget "gitTest" */ = {
			isa = XCConfigurationList;
			buildConfigurations = (
				041D9E411A3D161600C10406 /* Debug */,
				041D9E421A3D161600C10406 /* Release */,
			);
			defaultConfigurationIsVisible = 0;
		};
		041D9E431A3D161600C10406 /* Build configuration list for PBXNativeTarget "gitTestTests" */ = {
			isa = XCConfigurationList;
			buildConfigurations = (
				041D9E441A3D161600C10406 /* Debug */,
				041D9E451A3D161600C10406 /* Release */,
			);
			defaultConfigurationIsVisible = 0;
		};
/* End XCConfigurationList section */
	};
	rootObject = 041D9E151A3D161600C10406 /* Project object */;
}
